github.com/lib/pq v1.10.9 h1:YXG7NsndCm7wlXOC6wfRIYgNYzW76RI+76AAtR6Tj8A=
github.com/lib/pq v1.10.9/go.mod h1:AlVNw389FvVvE26JDH3R8BM6UvhyV9v6Nn5gS88is0w=
golang.org/x/crypto v0.23.0 h1:dIJU/v2F80OfO08bK6f7N8CgW8VnIzZfX5e6DGeofv0=
golang.org/x/crypto v0.23.0/go.mod h1:p9vNoSAXfE2M6f0q/6wshfU98AnY08/Y8I9C8F+xKHA=
